
Microsoft Visual Studio Solution File, Format Version 12.00
# Visual Studio 2013
VisualStudioVersion = 12.0.31101.0
MinimumVisualStudioVersion = 10.0.40219.1
Project("{FAE04EC0-301F-11D3-BF4B-00C04F79EFBC}") = "DFO.Npk", "DFO.Npk\DFO.Npk.csproj", "{04C832F4-8F9D-457A-99FE-CC33EAA98BFE}"
EndProject
Project("{FAE04EC0-301F-11D3-BF4B-00C04F79EFBC}") = "DFO.Sandbox", "DFO.Sandbox\DFO.Sandbox.csproj", "{E070D4F5-863E-4911-AC42-8F9B827F8C20}"
EndProject
Project("{FAE04EC0-301F-11D3-BF4B-00C04F79EFBC}") = "DFO.Common", "DFO.Common\DFO.Common.csproj", "{F96DE472-94CE-46DC-89FE-049207CC9541}"
EndProject
Project("{FAE04EC0-301F-11D3-BF4B-00C04F79EFBC}") = "DFO.Utilities", "DFO.Utilities\DFO.Utilities.csproj", "{9ABA11F3-61AC-4B40-8432-91B3FE9CA351}"
EndProject
Project("{FAE04EC0-301F-11D3-BF4B-00C04F79EFBC}") = "DFO.Gif", "DFO.Gif\DFO.Gif.csproj", "{44912ED2-024B-4EBF-B02F-910142C81E75}"
EndProject
Project("{FAE04EC0-301F-11D3-BF4B-00C04F79EFBC}") = "npk2gif", "npk2gif\npk2gif.csproj", "{D4F67769-4AE4-46CA-8442-D463DE903C21}"
EndProject
Global
	GlobalSection(SolutionConfigurationPlatforms) = preSolution
		Debug|Any CPU = Debug|Any CPU
		Release|Any CPU = Release|Any CPU
	EndGlobalSection
	GlobalSection(ProjectConfigurationPlatforms) = postSolution
		{04C832F4-8F9D-457A-99FE-CC33EAA98BFE}.Debug|Any CPU.ActiveCfg = Debug|Any CPU
		{04C832F4-8F9D-457A-99FE-CC33EAA98BFE}.Debug|Any CPU.Build.0 = Debug|Any CPU
		{04C832F4-8F9D-457A-99FE-CC33EAA98BFE}.Release|Any CPU.ActiveCfg = Release|Any CPU
		{04C832F4-8F9D-457A-99FE-CC33EAA98BFE}.Release|Any CPU.Build.0 = Release|Any CPU
		{E070D4F5-863E-4911-AC42-8F9B827F8C20}.Debug|Any CPU.ActiveCfg = Debug|Any CPU
		{E070D4F5-863E-4911-AC42-8F9B827F8C20}.Debug|Any CPU.Build.0 = Debug|Any CPU
		{E070D4F5-863E-4911-AC42-8F9B827F8C20}.Release|Any CPU.ActiveCfg = Release|Any CPU
		{E070D4F5-863E-4911-AC42-8F9B827F8C20}.Release|Any CPU.Build.0 = Release|Any CPU
		{F96DE472-94CE-46DC-89FE-049207CC9541}.Debug|Any CPU.ActiveCfg = Debug|Any CPU
		{F96DE472-94CE-46DC-89FE-049207CC9541}.Debug|Any CPU.Build.0 = Debug|Any CPU
		{F96DE472-94CE-46DC-89FE-049207CC9541}.Release|Any CPU.ActiveCfg = Release|Any CPU
		{F96DE472-94CE-46DC-89FE-049207CC9541}.Release|Any CPU.Build.0 = Release|Any CPU
		{9ABA11F3-61AC-4B40-8432-91B3FE9CA351}.Debug|Any CPU.ActiveCfg = Debug|Any CPU
		{9ABA11F3-61AC-4B40-8432-91B3FE9CA351}.Debug|Any CPU.Build.0 = Debug|Any CPU
		{9ABA11F3-61AC-4B40-8432-91B3FE9CA351}.Release|Any CPU.ActiveCfg = Release|Any CPU
		{9ABA11F3-61AC-4B40-8432-91B3FE9CA351}.Release|Any CPU.Build.0 = Release|Any CPU
		{44912ED2-024B-4EBF-B02F-910142C81E75}.Debug|Any CPU.ActiveCfg = Debug|Any CPU
		{44912ED2-024B-4EBF-B02F-910142C81E75}.Debug|Any CPU.Build.0 = Debug|Any CPU
		{44912ED2-024B-4EBF-B02F-910142C81E75}.Release|Any CPU.ActiveCfg = Release|Any CPU
		{44912ED2-024B-4EBF-B02F-910142C81E75}.Release|Any CPU.Build.0 = Release|Any CPU
		{D4F67769-4AE4-46CA-8442-D463DE903C21}.Debug|Any CPU.ActiveCfg = Debug|Any CPU
		{D4F67769-4AE4-46CA-8442-D463DE903C21}.Debug|Any CPU.Build.0 = Debug|Any CPU
		{D4F67769-4AE4-46CA-8442-D463DE903C21}.Release|Any CPU.ActiveCfg = Release|Any CPU
		{D4F67769-4AE4-46CA-8442-D463DE903C21}.Release|Any CPU.Build.0 = Release|Any CPU
	EndGlobalSection
	GlobalSection(SolutionProperties) = preSolution
		HideSolutionNode = FALSE
	EndGlobalSection
EndGlobal
